{
  "_readme": [
    "This file locks the dependencies of your project to a known state",
    "Read more about it at https://getcomposer.org/doc/01-basic-usage.md#installing-dependencies",
    "This file is @generated automatically"
  ],
  "content-hash": "1fc1753721545291e4ef55e121af1f12",
  "packages": [
    {
      "name": "anytizer/relay.php",
      "version": "dev-master",
      "source": {
        "type": "git",
        "url": "https://github.com/anytizer/relay.php.git",
        "reference": "946cc1b56f1524cc522aeba7acd7f37727037275"
      },
      "dist": {
        "type": "zip",
        "url": "https://api.github.com/repos/anytizer/relay.php/zipball/946cc1b56f1524cc522aeba7acd7f37727037275",
        "reference": "946cc1b56f1524cc522aeba7acd7f37727037275",
        "shasum": ""
      },
      "require": {
        "ext-curl": "*",
        "ext-json": "*"
      },
      "type": "library",
      "autoload": {
        "psr-4": {
          "anytizer\\": "src/anytizer"
        }
      },
      "notification-url": "https://packagist.org/downloads/",
      "license": [
        "MIT"
      ],
      "description": "cURL based HTTP(s) Client",
      "time": "2019-09-10T22:00:00+00:00"
    }
  ],
  "packages-dev": [],
  "aliases": [],
  "minimum-stability": "stable",
  "stability-flags": {
    "anytizer/relay.php": 20
  },
  "prefer-stable": false,
  "prefer-lowest": false,
  "platform": [],
  "platform-dev": []
}
